
Microsoft Visual Studio Solution File, Format Version 12.00
# Visual Studio 15
VisualStudioVersion = 15.0.28307.1062
MinimumVisualStudioVersion = 10.0.40219.1
Project("{FAE04EC0-301F-11D3-BF4B-00C04F79EFBC}") = "LogicaDeNegocio", "LogicaDeNegocio\LogicaDeNegocio.csproj", "{417AB18A-F30D-4FBA-814D-4978D4357DD3}"
EndProject
Project("{FAE04EC0-301F-11D3-BF4B-00C04F79EFBC}") = "AccesoDatos", "AccesoDatos\AccesoDatos.csproj", "{619E948D-6B88-4C1A-B912-1A920ED3D5C5}"
EndProject
Project("{FAE04EC0-301F-11D3-BF4B-00C04F79EFBC}") = "LogicaDeNegocioTest", "LogicaDeNegocioTest\LogicaDeNegocioTest.csproj", "{B86E63AD-9F9F-4D44-8E9D-6DF63E55B01E}"
EndProject
Global
	GlobalSection(SolutionConfigurationPlatforms) = preSolution
		Debug|Any CPU = Debug|Any CPU
		Release|Any CPU = Release|Any CPU
	EndGlobalSection
	GlobalSection(ProjectConfigurationPlatforms) = postSolution
		{417AB18A-F30D-4FBA-814D-4978D4357DD3}.Debug|Any CPU.ActiveCfg = Debug|Any CPU
		{417AB18A-F30D-4FBA-814D-4978D4357DD3}.Debug|Any CPU.Build.0 = Debug|Any CPU
		{417AB18A-F30D-4FBA-814D-4978D4357DD3}.Release|Any CPU.ActiveCfg = Release|Any CPU
		{417AB18A-F30D-4FBA-814D-4978D4357DD3}.Release|Any CPU.Build.0 = Release|Any CPU
		{619E948D-6B88-4C1A-B912-1A920ED3D5C5}.Debug|Any CPU.ActiveCfg = Debug|Any CPU
		{619E948D-6B88-4C1A-B912-1A920ED3D5C5}.Debug|Any CPU.Build.0 = Debug|Any CPU
		{619E948D-6B88-4C1A-B912-1A920ED3D5C5}.Release|Any CPU.ActiveCfg = Release|Any CPU
		{619E948D-6B88-4C1A-B912-1A920ED3D5C5}.Release|Any CPU.Build.0 = Release|Any CPU
		{B86E63AD-9F9F-4D44-8E9D-6DF63E55B01E}.Debug|Any CPU.ActiveCfg = Debug|Any CPU
		{B86E63AD-9F9F-4D44-8E9D-6DF63E55B01E}.Debug|Any CPU.Build.0 = Debug|Any CPU
		{B86E63AD-9F9F-4D44-8E9D-6DF63E55B01E}.Release|Any CPU.ActiveCfg = Release|Any CPU
		{B86E63AD-9F9F-4D44-8E9D-6DF63E55B01E}.Release|Any CPU.Build.0 = Release|Any CPU
	EndGlobalSection
	GlobalSection(SolutionProperties) = preSolution
		HideSolutionNode = FALSE
	EndGlobalSection
	GlobalSection(ExtensibilityGlobals) = postSolution
		SolutionGuid = {12D9AAEC-C711-4C88-9C1B-A175B0884989}
	EndGlobalSection
EndGlobal
